Microsoft Visual Studio Solution File, Format Version 12.00
# Visual Studio Version 17
VisualStudioVersion = 17.5.2.0
MinimumVisualStudioVersion = 10.0.40219.1
Project("{FAE04EC0-301F-11D3-BF4B-00C04F79EFBC}") = "Games", "Games\Games.csproj", "{7E9DB436-EA95-5E0D-9F35-F0B4C87AC73E}"
EndProject
Global
	GlobalSection(SolutionConfigurationPlatforms) = preSolution
		Debug|Any CPU = Debug|Any CPU
		Release|Any CPU = Release|Any CPU
	EndGlobalSection
	GlobalSection(ProjectConfigurationPlatforms) = postSolution
		{7E9DB436-EA95-5E0D-9F35-F0B4C87AC73E}.Debug|Any CPU.ActiveCfg = Debug|Any CPU
		{7E9DB436-EA95-5E0D-9F35-F0B4C87AC73E}.Debug|Any CPU.Build.0 = Debug|Any CPU
		{7E9DB436-EA95-5E0D-9F35-F0B4C87AC73E}.Release|Any CPU.ActiveCfg = Release|Any CPU
		{7E9DB436-EA95-5E0D-9F35-F0B4C87AC73E}.Release|Any CPU.Build.0 = Release|Any CPU
	EndGlobalSection
	GlobalSection(SolutionProperties) = preSolution
		HideSolutionNode = FALSE
	EndGlobalSection
	GlobalSection(ExtensibilityGlobals) = postSolution
		SolutionGuid = {FDF44819-DC49-49B2-88A9-A751E83C2582}
	EndGlobalSection
EndGlobal
